// !$*UTF8*$!
{
	archiveVersion = 1;
	classes = {
	};
	objectVersion = 56;
	objects = {

/* Begin PBXBuildFile section */
		6B22EF4D29A04CCD0066B418 /* main.swift in Sources */ = {isa = PBXBuildFile; fileRef = 6B22EF4C29A04CCD0066B418 /* main.swift */; };
		6B24585729A20C50009F86D7 /* EvasiveWindow.swift in Sources */ = {isa = PBXBuildFile; fileRef = 6B24585629A20C50009F86D7 /* EvasiveWindow.swift */; };
		6B2B9F4F29BE473100917DD0 /* TickingTextArea.swift in Sources */ = {isa = PBXBuildFile; fileRef = 6B2B9F4E29BE473100917DD0 /* TickingTextArea.swift */; };
		6B6C4C4F29A1132B0066C295 /* VerticallyCenteredTextFieldCell.swift in Sources */ = {isa = PBXBuildFile; fileRef = 6B6C4C4E29A1132B0066C295 /* VerticallyCenteredTextFieldCell.swift */; };
		6BFC217929A0494300AD53CA /* Assets.xcassets in Resources */ = {isa = PBXBuildFile; fileRef = 6BFC217829A0494300AD53CA /* Assets.xcassets */; };
		6BFC217C29A0494300AD53CA /* Preview Assets.xcassets in Resources */ = {isa = PBXBuildFile; fileRef = 6BFC217B29A0494300AD53CA /* Preview Assets.xcassets */; };
		6BFC218729A0494300AD53CA /* clockfloatTests.swift in Sources */ = {isa = PBXBuildFile; fileRef = 6BFC218629A0494300AD53CA /* clockfloatTests.swift */; };
		6BFC219129A0494300AD53CA /* clockfloatUITests.swift in Sources */ = {isa = PBXBuildFile; fileRef = 6BFC219029A0494300AD53CA /* clockfloatUITests.swift */; };
		6BFC219329A0494300AD53CA /* clockfloatUITestsLaunchTests.swift in Sources */ = {isa = PBXBuildFile; fileRef = 6BFC219229A0494300AD53CA /* clockfloatUITestsLaunchTests.swift */; };
		6BFC21A029A0497700AD53CA /* InsolentPomoTimer.swift in Sources */ = {isa = PBXBuildFile; fileRef = 6BFC219F29A0497700AD53CA /* InsolentPomoTimer.swift */; };
/* End PBXBuildFile section */

/* Begin PBXContainerItemProxy section */
		6BFC218329A0494300AD53CA /* PBXContainerItemProxy */ = {
			isa = PBXContainerItemProxy;
			containerPortal = 6BFC216929A0494200AD53CA /* Project object */;
			proxyType = 1;
			remoteGlobalIDString = 6BFC217029A0494200AD53CA;
			remoteInfo = clockfloat;
		};
		6BFC218D29A0494300AD53CA /* PBXContainerItemProxy */ = {
			isa = PBXContainerItemProxy;
			containerPortal = 6BFC216929A0494200AD53CA /* Project object */;
			proxyType = 1;
			remoteGlobalIDString = 6BFC217029A0494200AD53CA;
			remoteInfo = clockfloat;
		};
/* End PBXContainerItemProxy section */

/* Begin PBXFileReference section */
		6B22EF4C29A04CCD0066B418 /* main.swift */ = {isa = PBXFileReference; lastKnownFileType = sourcecode.swift; path = main.swift; sourceTree = "<group>"; };
		6B24585629A20C50009F86D7 /* EvasiveWindow.swift */ = {isa = PBXFileReference; lastKnownFileType = sourcecode.swift; path = EvasiveWindow.swift; sourceTree = "<group>"; };
		6B2B9F4E29BE473100917DD0 /* TickingTextArea.swift */ = {isa = PBXFileReference; lastKnownFileType = sourcecode.swift; path = TickingTextArea.swift; sourceTree = "<group>"; };
		6B6C4C4E29A1132B0066C295 /* VerticallyCenteredTextFieldCell.swift */ = {isa = PBXFileReference; lastKnownFileType = sourcecode.swift; path = VerticallyCenteredTextFieldCell.swift; sourceTree = "<group>"; };
		6BFC217129A0494200AD53CA /* clockfloat.app */ = {isa = PBXFileReference; explicitFileType = wrapper.application; includeInIndex = 0; path = clockfloat.app; sourceTree = BUILT_PRODUCTS_DIR; };
		6BFC217829A0494300AD53CA /* Assets.xcassets */ = {isa = PBXFileReference; lastKnownFileType = folder.assetcatalog; path = Assets.xcassets; sourceTree = "<group>"; };
		6BFC217B29A0494300AD53CA /* Preview Assets.xcassets */ = {isa = PBXFileReference; lastKnownFileType = folder.assetcatalog; path = "Preview Assets.xcassets"; sourceTree = "<group>"; };
		6BFC217D29A0494300AD53CA /* clockfloat.entitlements */ = {isa = PBXFileReference; lastKnownFileType = text.plist.entitlements; path = clockfloat.entitlements; sourceTree = "<group>"; };
		6BFC218229A0494300AD53CA /* clockfloatTests.xctest */ = {isa = PBXFileReference; explicitFileType = wrapper.cfbundle; includeInIndex = 0; path = clockfloatTests.xctest; sourceTree = BUILT_PRODUCTS_DIR; };
		6BFC218629A0494300AD53CA /* clockfloatTests.swift */ = {isa = PBXFileReference; lastKnownFileType = sourcecode.swift; path = clockfloatTests.swift; sourceTree = "<group>"; };
		6BFC218C29A0494300AD53CA /* clockfloatUITests.xctest */ = {isa = PBXFileReference; explicitFileType = wrapper.cfbundle; includeInIndex = 0; path = clockfloatUITests.xctest; sourceTree = BUILT_PRODUCTS_DIR; };
		6BFC219029A0494300AD53CA /* clockfloatUITests.swift */ = {isa = PBXFileReference; lastKnownFileType = sourcecode.swift; path = clockfloatUITests.swift; sourceTree = "<group>"; };
		6BFC219229A0494300AD53CA /* clockfloatUITestsLaunchTests.swift */ = {isa = PBXFileReference; lastKnownFileType = sourcecode.swift; path = clockfloatUITestsLaunchTests.swift; sourceTree = "<group>"; };
		6BFC219F29A0497700AD53CA /* InsolentPomoTimer.swift */ = {isa = PBXFileReference; fileEncoding = 4; lastKnownFileType = sourcecode.swift; path = InsolentPomoTimer.swift; sourceTree = "<group>"; };
/* End PBXFileReference section */

/* Begin PBXFrameworksBuildPhase section */
		6BFC216E29A0494200AD53CA /* Frameworks */ = {
			isa = PBXFrameworksBuildPhase;
			buildActionMask = 2147483647;
			files = (
			);
			runOnlyForDeploymentPostprocessing = 0;
		};
		6BFC217F29A0494300AD53CA /* Frameworks */ = {
			isa = PBXFrameworksBuildPhase;
			buildActionMask = 2147483647;
			files = (
			);
			runOnlyForDeploymentPostprocessing = 0;
		};
		6BFC218929A0494300AD53CA /* Frameworks */ = {
			isa = PBXFrameworksBuildPhase;
			buildActionMask = 2147483647;
			files = (
			);
			runOnlyForDeploymentPostprocessing = 0;
		};
/* End PBXFrameworksBuildPhase section */

/* Begin PBXGroup section */
		6BFC216829A0494200AD53CA = {
			isa = PBXGroup;
			children = (
				6BFC217329A0494200AD53CA /* clockfloat */,
				6BFC218529A0494300AD53CA /* clockfloatTests */,
				6BFC218F29A0494300AD53CA /* clockfloatUITests */,
				6BFC217229A0494200AD53CA /* Products */,
			);
			sourceTree = "<group>";
		};
		6BFC217229A0494200AD53CA /* Products */ = {
			isa = PBXGroup;
			children = (
				6BFC217129A0494200AD53CA /* clockfloat.app */,
				6BFC218229A0494300AD53CA /* clockfloatTests.xctest */,
				6BFC218C29A0494300AD53CA /* clockfloatUITests.xctest */,
			);
			name = Products;
			sourceTree = "<group>";
		};
		6BFC217329A0494200AD53CA /* clockfloat */ = {
			isa = PBXGroup;
			children = (
				6B24585629A20C50009F86D7 /* EvasiveWindow.swift */,
				6B2B9F4E29BE473100917DD0 /* TickingTextArea.swift */,
				6B6C4C4E29A1132B0066C295 /* VerticallyCenteredTextFieldCell.swift */,
				6BFC219F29A0497700AD53CA /* InsolentPomoTimer.swift */,
				6B22EF4C29A04CCD0066B418 /* main.swift */,
				6BFC217829A0494300AD53CA /* Assets.xcassets */,
				6BFC217D29A0494300AD53CA /* clockfloat.entitlements */,
				6BFC217A29A0494300AD53CA /* Preview Content */,
			);
			path = clockfloat;
			sourceTree = "<group>";
		};
		6BFC217A29A0494300AD53CA /* Preview Content */ = {
			isa = PBXGroup;
			children = (
				6BFC217B29A0494300AD53CA /* Preview Assets.xcassets */,
			);
			path = "Preview Content";
			sourceTree = "<group>";
		};
		6BFC218529A0494300AD53CA /* clockfloatTests */ = {
			isa = PBXGroup;
			children = (
				6BFC218629A0494300AD53CA /* clockfloatTests.swift */,
			);
			path = clockfloatTests;
			sourceTree = "<group>";
		};
		6BFC218F29A0494300AD53CA /* clockfloatUITests */ = {
			isa = PBXGroup;
			children = (
				6BFC219029A0494300AD53CA /* clockfloatUITests.swift */,
				6BFC219229A0494300AD53CA /* clockfloatUITestsLaunchTests.swift */,
			);
			path = clockfloatUITests;
			sourceTree = "<group>";
		};
/* End PBXGroup section */

/* Begin PBXNativeTarget section */
		6BFC217029A0494200AD53CA /* clockfloat */ = {
			isa = PBXNativeTarget;
			buildConfigurationList = 6BFC219629A0494300AD53CA /* Build configuration list for PBXNativeTarget "clockfloat" */;
			buildPhases = (
				6BFC216D29A0494200AD53CA /* Sources */,
				6BFC216E29A0494200AD53CA /* Frameworks */,
				6BFC216F29A0494200AD53CA /* Resources */,
			);
			buildRules = (
			);
			dependencies = (
			);
			name = clockfloat;
			productName = clockfloat;
			productReference = 6BFC217129A0494200AD53CA /* clockfloat.app */;
			productType = "com.apple.product-type.application";
		};
		6BFC218129A0494300AD53CA /* clockfloatTests */ = {
			isa = PBXNativeTarget;
			buildConfigurationList = 6BFC219929A0494300AD53CA /* Build configuration list for PBXNativeTarget "clockfloatTests" */;
			buildPhases = (
				6BFC217E29A0494300AD53CA /* Sources */,
				6BFC217F29A0494300AD53CA /* Frameworks */,
				6BFC218029A0494300AD53CA /* Resources */,
			);
			buildRules = (
			);
			dependencies = (
				6BFC218429A0494300AD53CA /* PBXTargetDependency */,
			);
			name = clockfloatTests;
			productName = clockfloatTests;
			productReference = 6BFC218229A0494300AD53CA /* clockfloatTests.xctest */;
			productType = "com.apple.product-type.bundle.unit-test";
		};
		6BFC218B29A0494300AD53CA /* clockfloatUITests */ = {
			isa = PBXNativeTarget;
			buildConfigurationList = 6BFC219C29A0494300AD53CA /* Build configuration list for PBXNativeTarget "clockfloatUITests" */;
			buildPhases = (
				6BFC218829A0494300AD53CA /* Sources */,
				6BFC218929A0494300AD53CA /* Frameworks */,
				6BFC218A29A0494300AD53CA /* Resources */,
			);
			buildRules = (
			);
			dependencies = (
				6BFC218E29A0494300AD53CA /* PBXTargetDependency */,
			);
			name = clockfloatUITests;
			productName = clockfloatUITests;
			productReference = 6BFC218C29A0494300AD53CA /* clockfloatUITests.xctest */;
			productType = "com.apple.product-type.bundle.ui-testing";
		};
/* End PBXNativeTarget section */

/* Begin PBXProject section */
		6BFC216929A0494200AD53CA /* Project object */ = {
			isa = PBXProject;
			attributes = {
				BuildIndependentTargetsInParallel = 1;
				LastSwiftUpdateCheck = 1420;
				LastUpgradeCheck = 1420;
				TargetAttributes = {
					6BFC217029A0494200AD53CA = {
						CreatedOnToolsVersion = 14.2;
					};
					6BFC218129A0494300AD53CA = {
						CreatedOnToolsVersion = 14.2;
						TestTargetID = 6BFC217029A0494200AD53CA;
					};
					6BFC218B29A0494300AD53CA = {
						CreatedOnToolsVersion = 14.2;
						TestTargetID = 6BFC217029A0494200AD53CA;
					};
				};
			};
			buildConfigurationList = 6BFC216C29A0494200AD53CA /* Build configuration list for PBXProject "clockfloat" */;
			compatibilityVersion = "Xcode 14.0";
			developmentRegion = en;
			hasScannedForEncodings = 0;
			knownRegions = (
				en,
				Base,
			);
			mainGroup = 6BFC216829A0494200AD53CA;
			productRefGroup = 6BFC217229A0494200AD53CA /* Products */;
			projectDirPath = "";
			projectRoot = "";
			targets = (
				6BFC217029A0494200AD53CA /* clockfloat */,
				6BFC218129A0494300AD53CA /* clockfloatTests */,
				6BFC218B29A0494300AD53CA /* clockfloatUITests */,
			);
		};
/* End PBXProject section */

/* Begin PBXResourcesBuildPhase section */
		6BFC216F29A0494200AD53CA /* Resources */ = {
			isa = PBXResourcesBuildPhase;
			buildActionMask = 2147483647;
			files = (
				6BFC217C29A0494300AD53CA /* Preview Assets.xcassets in Resources */,
				6BFC217929A0494300AD53CA /* Assets.xcassets in Resources */,
			);
			runOnlyForDeploymentPostprocessing = 0;
		};
		6BFC218029A0494300AD53CA /* Resources */ = {
			isa = PBXResourcesBuildPhase;
			buildActionMask = 2147483647;
			files = (
			);
			runOnlyForDeploymentPostprocessing = 0;
		};
		6BFC218A29A0494300AD53CA /* Resources */ = {
			isa = PBXResourcesBuildPhase;
			buildActionMask = 2147483647;
			files = (
			);
			runOnlyForDeploymentPostprocessing = 0;
		};
/* End PBXResourcesBuildPhase section */

/* Begin PBXSourcesBuildPhase section */
		6BFC216D29A0494200AD53CA /* Sources */ = {
			isa = PBXSourcesBuildPhase;
			buildActionMask = 2147483647;
			files = (
				6BFC21A029A0497700AD53CA /* InsolentPomoTimer.swift in Sources */,
				6B24585729A20C50009F86D7 /* EvasiveWindow.swift in Sources */,
				6B22EF4D29A04CCD0066B418 /* main.swift in Sources */,
				6B2B9F4F29BE473100917DD0 /* TickingTextArea.swift in Sources */,
				6B6C4C4F29A1132B0066C295 /* VerticallyCenteredTextFieldCell.swift in Sources */,
			);
			runOnlyForDeploymentPostprocessing = 0;
		};
		6BFC217E29A0494300AD53CA /* Sources */ = {
			isa = PBXSourcesBuildPhase;
			buildActionMask = 2147483647;
			files = (
				6BFC218729A0494300AD53CA /* clockfloatTests.swift in Sources */,
			);
			runOnlyForDeploymentPostprocessing = 0;
		};
		6BFC218829A0494300AD53CA /* Sources */ = {
			isa = PBXSourcesBuildPhase;
			buildActionMask = 2147483647;
			files = (
				6BFC219329A0494300AD53CA /* clockfloatUITestsLaunchTests.swift in Sources */,
				6BFC219129A0494300AD53CA /* clockfloatUITests.swift in Sources */,
			);
			runOnlyForDeploymentPostprocessing = 0;
		};
/* End PBXSourcesBuildPhase section */

/* Begin PBXTargetDependency section */
		6BFC218429A0494300AD53CA /* PBXTargetDependency */ = {
			isa = PBXTargetDependency;
			target = 6BFC217029A0494200AD53CA /* clockfloat */;
			targetProxy = 6BFC218329A0494300AD53CA /* PBXContainerItemProxy */;
		};
		6BFC218E29A0494300AD53CA /* PBXTargetDependency */ = {
			isa = PBXTargetDependency;
			target = 6BFC217029A0494200AD53CA /* clockfloat */;
			targetProxy = 6BFC218D29A0494300AD53CA /* PBXContainerItemProxy */;
		};
/* End PBXTargetDependency section */

/* Begin XCBuildConfiguration section */
		6BFC219429A0494300AD53CA /* Debug */ = {
			isa = XCBuildConfiguration;
			buildSettings = {
				ALWAYS_SEARCH_USER_PATHS = NO;
				CLANG_ANALYZER_NONNULL = YES;
				CLANG_ANALYZER_NUMBER_OBJECT_CONVERSION = YES_AGGRESSIVE;
				CLANG_CXX_LANGUAGE_STANDARD = "gnu++20";
				CLANG_ENABLE_MODULES = YES;
				CLANG_ENABLE_OBJC_ARC = YES;
				CLANG_ENABLE_OBJC_WEAK = YES;
				CLANG_WARN_BLOCK_CAPTURE_AUTORELEASING = YES;
				CLANG_WARN_BOOL_CONVERSION = YES;
				CLANG_WARN_COMMA = YES;
				CLANG_WARN_CONSTANT_CONVERSION = YES;
				CLANG_WARN_DEPRECATED_OBJC_IMPLEMENTATIONS = YES;
				CLANG_WARN_DIRECT_OBJC_ISA_USAGE = YES_ERROR;
				CLANG_WARN_DOCUMENTATION_COMMENTS = YES;
				CLANG_WARN_EMPTY_BODY = YES;
				CLANG_WARN_ENUM_CONVERSION = YES;
				CLANG_WARN_INFINITE_RECURSION = YES;
				CLANG_WARN_INT_CONVERSION = YES;
				CLANG_WARN_NON_LITERAL_NULL_CONVERSION = YES;
				CLANG_WARN_OBJC_IMPLICIT_RETAIN_SELF = YES;
				CLANG_WARN_OBJC_LITERAL_CONVERSION = YES;
				CLANG_WARN_OBJC_ROOT_CLASS = YES_ERROR;
				CLANG_WARN_QUOTED_INCLUDE_IN_FRAMEWORK_HEADER = YES;
				CLANG_WARN_RANGE_LOOP_ANALYSIS = YES;
				CLANG_WARN_STRICT_PROTOTYPES = YES;
				CLANG_WARN_SUSPICIOUS_MOVE = YES;
				CLANG_WARN_UNGUARDED_AVAILABILITY = YES_AGGRESSIVE;
				CLANG_WARN_UNREACHABLE_CODE = YES;
				CLANG_WARN__DUPLICATE_METHOD_MATCH = YES;
				COPY_PHASE_STRIP = NO;
				DEBUG_INFORMATION_FORMAT = dwarf;
				ENABLE_STRICT_OBJC_MSGSEND = YES;
				ENABLE_TESTABILITY = YES;
				GCC_C_LANGUAGE_STANDARD = gnu11;
				GCC_DYNAMIC_NO_PIC = NO;
				GCC_NO_COMMON_BLOCKS = YES;
				GCC_OPTIMIZATION_LEVEL = 0;
				GCC_PREPROCESSOR_DEFINITIONS = (
					"DEBUG=1",
					"$(inherited)",
				);
				GCC_WARN_64_TO_32_BIT_CONVERSION = YES;
				GCC_WARN_ABOUT_RETURN_TYPE = YES_ERROR;
				GCC_WARN_UNDECLARED_SELECTOR = YES;
				GCC_WARN_UNINITIALIZED_AUTOS = YES_AGGRESSIVE;
				GCC_WARN_UNUSED_FUNCTION = YES;
				GCC_WARN_UNUSED_VARIABLE = YES;
				MACOSX_DEPLOYMENT_TARGET = 12.6;
				MTL_ENABLE_DEBUG_INFO = INCLUDE_SOURCE;
				MTL_FAST_MATH = YES;
				ONLY_ACTIVE_ARCH = YES;
				SDKROOT = macosx;
				SWIFT_ACTIVE_COMPILATION_CONDITIONS = DEBUG;
				SWIFT_OPTIMIZATION_LEVEL = "-Onone";
			};
			name = Debug;
		};
		6BFC219529A0494300AD53CA /* Release */ = {
			isa = XCBuildConfiguration;
			buildSettings = {
				ALWAYS_SEARCH_USER_PATHS = NO;
				CLANG_ANALYZER_NONNULL = YES;
				CLANG_ANALYZER_NUMBER_OBJECT_CONVERSION = YES_AGGRESSIVE;
				CLANG_CXX_LANGUAGE_STANDARD = "gnu++20";
				CLANG_ENABLE_MODULES = YES;
				CLANG_ENABLE_OBJC_ARC = YES;
				CLANG_ENABLE_OBJC_WEAK = YES;
				CLANG_WARN_BLOCK_CAPTURE_AUTORELEASING = YES;
				CLANG_WARN_BOOL_CONVERSION = YES;
				CLANG_WARN_COMMA = YES;
				CLANG_WARN_CONSTANT_CONVERSION = YES;
				CLANG_WARN_DEPRECATED_OBJC_IMPLEMENTATIONS = YES;
				CLANG_WARN_DIRECT_OBJC_ISA_USAGE = YES_ERROR;
				CLANG_WARN_DOCUMENTATION_COMMENTS = YES;
				CLANG_WARN_EMPTY_BODY = YES;
				CLANG_WARN_ENUM_CONVERSION = YES;
				CLANG_WARN_INFINITE_RECURSION = YES;
				CLANG_WARN_INT_CONVERSION = YES;
				CLANG_WARN_NON_LITERAL_NULL_CONVERSION = YES;
				CLANG_WARN_OBJC_IMPLICIT_RETAIN_SELF = YES;
				CLANG_WARN_OBJC_LITERAL_CONVERSION = YES;
				CLANG_WARN_OBJC_ROOT_CLASS = YES_ERROR;
				CLANG_WARN_QUOTED_INCLUDE_IN_FRAMEWORK_HEADER = YES;
				CLANG_WARN_RANGE_LOOP_ANALYSIS = YES;
				CLANG_WARN_STRICT_PROTOTYPES = YES;
				CLANG_WARN_SUSPICIOUS_MOVE = YES;
				CLANG_WARN_UNGUARDED_AVAILABILITY = YES_AGGRESSIVE;
				CLANG_WARN_UNREACHABLE_CODE = YES;
				CLANG_WARN__DUPLICATE_METHOD_MATCH = YES;
				COPY_PHASE_STRIP = NO;
				DEBUG_INFORMATION_FORMAT = "dwarf-with-dsym";
				ENABLE_NS_ASSERTIONS = NO;
				ENABLE_STRICT_OBJC_MSGSEND = YES;
				GCC_C_LANGUAGE_STANDARD = gnu11;
				GCC_NO_COMMON_BLOCKS = YES;
				GCC_WARN_64_TO_32_BIT_CONVERSION = YES;
				GCC_WARN_ABOUT_RETURN_TYPE = YES_ERROR;
				GCC_WARN_UNDECLARED_SELECTOR = YES;
				GCC_WARN_UNINITIALIZED_AUTOS = YES_AGGRESSIVE;
				GCC_WARN_UNUSED_FUNCTION = YES;
				GCC_WARN_UNUSED_VARIABLE = YES;
				MACOSX_DEPLOYMENT_TARGET = 12.6;
				MTL_ENABLE_DEBUG_INFO = NO;
				MTL_FAST_MATH = YES;
				SDKROOT = macosx;
				SWIFT_COMPILATION_MODE = wholemodule;
				SWIFT_OPTIMIZATION_LEVEL = "-O";
			};
			name = Release;
		};
		6BFC219729A0494300AD53CA /* Debug */ = {
			isa = XCBuildConfiguration;
			buildSettings = {
				ASSETCATALOG_COMPILER_APPICON_NAME = AppIcon;
				ASSETCATALOG_COMPILER_GLOBAL_ACCENT_COLOR_NAME = AccentColor;
				CODE_SIGN_ENTITLEMENTS = clockfloat/clockfloat.entitlements;
				CODE_SIGN_IDENTITY = "-";
				"CODE_SIGN_IDENTITY[sdk=macosx*]" = "-";
				CODE_SIGN_STYLE = Automatic;
				COMBINE_HIDPI_IMAGES = YES;
				CURRENT_PROJECT_VERSION = 1;
				DEVELOPMENT_ASSET_PATHS = "\"clockfloat/Preview Content\"";
				DEVELOPMENT_TEAM = GLVW6FZ3DS;
				ENABLE_HARDENED_RUNTIME = YES;
				ENABLE_PREVIEWS = YES;
				GENERATE_INFOPLIST_FILE = YES;
				INFOPLIST_KEY_NSHumanReadableCopyright = "";
				LD_RUNPATH_SEARCH_PATHS = (
					"$(inherited)",
					"@executable_path/../Frameworks",
				);
				MARKETING_VERSION = 1.0;
				PRODUCT_BUNDLE_IDENTIFIER = ie.tigger.clock.clockfloat;
				PRODUCT_NAME = "$(TARGET_NAME)";
				SWIFT_EMIT_LOC_STRINGS = YES;
				SWIFT_VERSION = 5.0;
			};
			name = Debug;
		};
		6BFC219829A0494300AD53CA /* Release */ = {
			isa = XCBuildConfiguration;
			buildSettings = {
				ASSETCATALOG_COMPILER_APPICON_NAME = AppIcon;
				ASSETCATALOG_COMPILER_GLOBAL_ACCENT_COLOR_NAME = AccentColor;
				CODE_SIGN_ENTITLEMENTS = clockfloat/clockfloat.entitlements;
				CODE_SIGN_IDENTITY = "-";
				"CODE_SIGN_IDENTITY[sdk=macosx*]" = "-";
				CODE_SIGN_STYLE = Automatic;
				COMBINE_HIDPI_IMAGES = YES;
				CURRENT_PROJECT_VERSION = 1;
				DEVELOPMENT_ASSET_PATHS = "\"clockfloat/Preview Content\"";
				DEVELOPMENT_TEAM = GLVW6FZ3DS;
				ENABLE_HARDENED_RUNTIME = YES;
				ENABLE_PREVIEWS = YES;
				GENERATE_INFOPLIST_FILE = YES;
				INFOPLIST_KEY_NSHumanReadableCopyright = "";
				LD_RUNPATH_SEARCH_PATHS = (
					"$(inherited)",
					"@executable_path/../Frameworks",
				);
				MARKETING_VERSION = 1.0;
				PRODUCT_BUNDLE_IDENTIFIER = ie.tigger.clock.clockfloat;
				PRODUCT_NAME = "$(TARGET_NAME)";
				SWIFT_EMIT_LOC_STRINGS = YES;
				SWIFT_VERSION = 5.0;
			};
			name = Release;
		};
		6BFC219A29A0494300AD53CA /* Debug */ = {
			isa = XCBuildConfiguration;
			buildSettings = {
				ALWAYS_EMBED_SWIFT_STANDARD_LIBRARIES = YES;
				BUNDLE_LOADER = "$(TEST_HOST)";
				CODE_SIGN_STYLE = Automatic;
				CURRENT_PROJECT_VERSION = 1;
				DEVELOPMENT_TEAM = GLVW6FZ3DS;
				GENERATE_INFOPLIST_FILE = YES;
				MACOSX_DEPLOYMENT_TARGET = 12.6;
				MARKETING_VERSION = 1.0;
				PRODUCT_BUNDLE_IDENTIFIER = ie.tigger.clock.clockfloatTests;
				PRODUCT_NAME = "$(TARGET_NAME)";
				SWIFT_EMIT_LOC_STRINGS = NO;
				SWIFT_VERSION = 5.0;
				TEST_HOST = "$(BUILT_PRODUCTS_DIR)/clockfloat.app/$(BUNDLE_EXECUTABLE_FOLDER_PATH)/clockfloat";
			};
			name = Debug;
		};
		6BFC219B29A0494300AD53CA /* Release */ = {
			isa = XCBuildConfiguration;
			buildSettings = {
				ALWAYS_EMBED_SWIFT_STANDARD_LIBRARIES = YES;
				BUNDLE_LOADER = "$(TEST_HOST)";
				CODE_SIGN_STYLE = Automatic;
				CURRENT_PROJECT_VERSION = 1;
				DEVELOPMENT_TEAM = GLVW6FZ3DS;
				GENERATE_INFOPLIST_FILE = YES;
				MACOSX_DEPLOYMENT_TARGET = 12.6;
				MARKETING_VERSION = 1.0;
				PRODUCT_BUNDLE_IDENTIFIER = ie.tigger.clock.clockfloatTests;
				PRODUCT_NAME = "$(TARGET_NAME)";
				SWIFT_EMIT_LOC_STRINGS = NO;
				SWIFT_VERSION = 5.0;
				TEST_HOST = "$(BUILT_PRODUCTS_DIR)/clockfloat.app/$(BUNDLE_EXECUTABLE_FOLDER_PATH)/clockfloat";
			};
			name = Release;
		};
		6BFC219D29A0494300AD53CA /* Debug */ = {
			isa = XCBuildConfiguration;
			buildSettings = {
				ALWAYS_EMBED_SWIFT_STANDARD_LIBRARIES = YES;
				CODE_SIGN_STYLE = Automatic;
				CURRENT_PROJECT_VERSION = 1;
				DEVELOPMENT_TEAM = GLVW6FZ3DS;
				GENERATE_INFOPLIST_FILE = YES;
				MARKETING_VERSION = 1.0;
				PRODUCT_BUNDLE_IDENTIFIER = ie.tigger.clock.clockfloatUITests;
				PRODUCT_NAME = "$(TARGET_NAME)";
				SWIFT_EMIT_LOC_STRINGS = NO;
				SWIFT_VERSION = 5.0;
				TEST_TARGET_NAME = clockfloat;
			};
			name = Debug;
		};
		6BFC219E29A0494300AD53CA /* Release */ = {
			isa = XCBuildConfiguration;
			buildSettings = {
				ALWAYS_EMBED_SWIFT_STANDARD_LIBRARIES = YES;
				CODE_SIGN_STYLE = Automatic;
				CURRENT_PROJECT_VERSION = 1;
				DEVELOPMENT_TEAM = GLVW6FZ3DS;
				GENERATE_INFOPLIST_FILE = YES;
				MARKETING_VERSION = 1.0;
				PRODUCT_BUNDLE_IDENTIFIER = ie.tigger.clock.clockfloatUITests;
				PRODUCT_NAME = "$(TARGET_NAME)";
				SWIFT_EMIT_LOC_STRINGS = NO;
				SWIFT_VERSION = 5.0;
				TEST_TARGET_NAME = clockfloat;
			};
			name = Release;
		};
/* End XCBuildConfiguration section */

/* Begin XCConfigurationList section */
		6BFC216C29A0494200AD53CA /* Build configuration list for PBXProject "clockfloat" */ = {
			isa = XCConfigurationList;
			buildConfigurations = (
				6BFC219429A0494300AD53CA /* Debug */,
				6BFC219529A0494300AD53CA /* Release */,
			);
			defaultConfigurationIsVisible = 0;
			defaultConfigurationName = Release;
		};
		6BFC219629A0494300AD53CA /* Build configuration list for PBXNativeTarget "clockfloat" */ = {
			isa = XCConfigurationList;
			buildConfigurations = (
				6BFC219729A0494300AD53CA /* Debug */,
				6BFC219829A0494300AD53CA /* Release */,
			);
			defaultConfigurationIsVisible = 0;
			defaultConfigurationName = Release;
		};
		6BFC219929A0494300AD53CA /* Build configuration list for PBXNativeTarget "clockfloatTests" */ = {
			isa = XCConfigurationList;
			buildConfigurations = (
				6BFC219A29A0494300AD53CA /* Debug */,
				6BFC219B29A0494300AD53CA /* Release */,
			);
			defaultConfigurationIsVisible = 0;
			defaultConfigurationName = Release;
		};
		6BFC219C29A0494300AD53CA /* Build configuration list for PBXNativeTarget "clockfloatUITests" */ = {
			isa = XCConfigurationList;
			buildConfigurations = (
				6BFC219D29A0494300AD53CA /* Debug */,
				6BFC219E29A0494300AD53CA /* Release */,
			);
			defaultConfigurationIsVisible = 0;
			defaultConfigurationName = Release;
		};
/* End XCConfigurationList section */
	};
	rootObject = 6BFC216929A0494200AD53CA /* Project object */;
}
